
Microsoft Visual Studio Solution File, Format Version 12.00
# Visual Studio Version 17
VisualStudioVersion = 17.10.34707.107
MinimumVisualStudioVersion = 10.0.40219.1
Project("{FAE04EC0-301F-11D3-BF4B-00C04F79EFBC}") = "HalloAsync", "HalloAsync\HalloAsync.csproj", "{0720671C-5976-487B-BAE4-35BC5F433BDE}"
EndProject
Global
	GlobalSection(SolutionConfigurationPlatforms) = preSolution
		Debug|Any CPU = Debug|Any CPU
		Release|Any CPU = Release|Any CPU
	EndGlobalSection
	GlobalSection(ProjectConfigurationPlatforms) = postSolution
		{0720671C-5976-487B-BAE4-35BC5F433BDE}.Debug|Any CPU.ActiveCfg = Debug|Any CPU
		{0720671C-5976-487B-BAE4-35BC5F433BDE}.Debug|Any CPU.Build.0 = Debug|Any CPU
		{0720671C-5976-487B-BAE4-35BC5F433BDE}.Release|Any CPU.ActiveCfg = Release|Any CPU
		{0720671C-5976-487B-BAE4-35BC5F433BDE}.Release|Any CPU.Build.0 = Release|Any CPU
	EndGlobalSection
	GlobalSection(SolutionProperties) = preSolution
		HideSolutionNode = FALSE
	EndGlobalSection
	GlobalSection(ExtensibilityGlobals) = postSolution
		SolutionGuid = {905A7EAA-9C54-4CF8-AAA5-55D2D5972AFD}
	EndGlobalSection
EndGlobal
